Microsoft Visual Studio Solution File, Format Version 12.00
# Visual Studio Version 17
VisualStudioVersion = 17.5.2.0
MinimumVisualStudioVersion = 10.0.40219.1
Project("{FAE04EC0-301F-11D3-BF4B-00C04F79EFBC}") = "groupby.Console", "groupby.Console.csproj", "{9679492C-0C07-019A-DBFB-BC440A2AEDC8}"
EndProject
Global
	GlobalSection(SolutionConfigurationPlatforms) = preSolution
		Debug|Any CPU = Debug|Any CPU
		Release|Any CPU = Release|Any CPU
	EndGlobalSection
	GlobalSection(ProjectConfigurationPlatforms) = postSolution
		{9679492C-0C07-019A-DBFB-BC440A2AEDC8}.Debug|Any CPU.ActiveCfg = Debug|Any CPU
		{9679492C-0C07-019A-DBFB-BC440A2AEDC8}.Debug|Any CPU.Build.0 = Debug|Any CPU
		{9679492C-0C07-019A-DBFB-BC440A2AEDC8}.Release|Any CPU.ActiveCfg = Release|Any CPU
		{9679492C-0C07-019A-DBFB-BC440A2AEDC8}.Release|Any CPU.Build.0 = Release|Any CPU
	EndGlobalSection
	GlobalSection(SolutionProperties) = preSolution
		HideSolutionNode = FALSE
	EndGlobalSection
	GlobalSection(ExtensibilityGlobals) = postSolution
		SolutionGuid = {347B0562-72A4-4311-BF8C-D95405290232}
	EndGlobalSection
EndGlobal
